
Microsoft Visual Studio Solution File, Format Version 12.00
# Visual Studio Version 17
VisualStudioVersion = 17.6.33801.468
MinimumVisualStudioVersion = 10.0.40219.1
Project("{FAE04EC0-301F-11D3-BF4B-00C04F79EFBC}") = "MetaQuestion1", "MetaQuestion1\MetaQuestion1.csproj", "{591940F8-F2D3-4B4E-9C2A-5A29BD6F52CC}"
EndProject
Global
	GlobalSection(SolutionConfigurationPlatforms) = preSolution
		Debug|Any CPU = Debug|Any CPU
		Release|Any CPU = Release|Any CPU
	EndGlobalSection
	GlobalSection(ProjectConfigurationPlatforms) = postSolution
		{591940F8-F2D3-4B4E-9C2A-5A29BD6F52CC}.Debug|Any CPU.ActiveCfg = Debug|Any CPU
		{591940F8-F2D3-4B4E-9C2A-5A29BD6F52CC}.Debug|Any CPU.Build.0 = Debug|Any CPU
		{591940F8-F2D3-4B4E-9C2A-5A29BD6F52CC}.Release|Any CPU.ActiveCfg = Release|Any CPU
		{591940F8-F2D3-4B4E-9C2A-5A29BD6F52CC}.Release|Any CPU.Build.0 = Release|Any CPU
	EndGlobalSection
	GlobalSection(SolutionProperties) = preSolution
		HideSolutionNode = FALSE
	EndGlobalSection
	GlobalSection(ExtensibilityGlobals) = postSolution
		SolutionGuid = {27846072-6437-4F39-B291-2E50E557FC3E}
	EndGlobalSection
EndGlobal
