
Microsoft Visual Studio Solution File, Format Version 12.00
# Visual Studio Version 17
VisualStudioVersion = 17.6.33801.468
MinimumVisualStudioVersion = 10.0.40219.1
Project("{FAE04EC0-301F-11D3-BF4B-00C04F79EFBC}") = "Vidzy", "Vidzy\Vidzy.csproj", "{2AEE16B3-AFD2-4C91-9751-E37310E4689C}"
EndProject
Project("{2150E333-8FDC-42A3-9474-1A3956D46DE8}") = "Solution Items", "Solution Items", "{11EFD9AE-F599-4696-B1DA-10F5A8F7C5D7}"
	ProjectSection(SolutionItems) = preProject
		.editorconfig = .editorconfig
	EndProjectSection
EndProject
Global
	GlobalSection(SolutionConfigurationPlatforms) = preSolution
		Debug|Any CPU = Debug|Any CPU
		Release|Any CPU = Release|Any CPU
	EndGlobalSection
	GlobalSection(ProjectConfigurationPlatforms) = postSolution
		{2AEE16B3-AFD2-4C91-9751-E37310E4689C}.Debug|Any CPU.ActiveCfg = Debug|Any CPU
		{2AEE16B3-AFD2-4C91-9751-E37310E4689C}.Debug|Any CPU.Build.0 = Debug|Any CPU
		{2AEE16B3-AFD2-4C91-9751-E37310E4689C}.Release|Any CPU.ActiveCfg = Release|Any CPU
		{2AEE16B3-AFD2-4C91-9751-E37310E4689C}.Release|Any CPU.Build.0 = Release|Any CPU
	EndGlobalSection
	GlobalSection(SolutionProperties) = preSolution
		HideSolutionNode = FALSE
	EndGlobalSection
EndGlobal
